// !$*UTF8*$!
{
	archiveVersion = 1;
	classes = {
	};
	objectVersion = 56;
	objects = {

/* Begin PBXBuildFile section */
		8917C3692C47A63700BC08B0 /* AppDelegate.swift in Sources */ = {isa = PBXBuildFile; fileRef = 8917C3682C47A63700BC08B0 /* AppDelegate.swift */; };
		8917C36B2C47A63700BC08B0 /* SceneDelegate.swift in Sources */ = {isa = PBXBuildFile; fileRef = 8917C36A2C47A63700BC08B0 /* SceneDelegate.swift */; };
		8917C36D2C47A63700BC08B0 /* ViewController.swift in Sources */ = {isa = PBXBuildFile; fileRef = 8917C36C2C47A63700BC08B0 /* ViewController.swift */; };
		8917C3702C47A63700BC08B0 /* Base in Resources */ = {isa = PBXBuildFile; fileRef = 8917C36F2C47A63700BC08B0 /* Base */; };
		8917C3722C47A63800BC08B0 /* Assets.xcassets in Resources */ = {isa = PBXBuildFile; fileRef = 8917C3712C47A63800BC08B0 /* Assets.xcassets */; };
		8917C3752C47A63800BC08B0 /* Base in Resources */ = {isa = PBXBuildFile; fileRef = 8917C3742C47A63800BC08B0 /* Base */; };
		8917C3802C47A63800BC08B0 /* quoteofthedayTests.swift in Sources */ = {isa = PBXBuildFile; fileRef = 8917C37F2C47A63800BC08B0 /* quoteofthedayTests.swift */; };
		8917C38A2C47A63800BC08B0 /* quoteofthedayUITests.swift in Sources */ = {isa = PBXBuildFile; fileRef = 8917C3892C47A63800BC08B0 /* quoteofthedayUITests.swift */; };
		8917C38C2C47A63800BC08B0 /* quoteofthedayUITestsLaunchTests.swift in Sources */ = {isa = PBXBuildFile; fileRef = 8917C38B2C47A63800BC08B0 /* quoteofthedayUITestsLaunchTests.swift */; };
		8917C39F2C47C03500BC08B0 /* CollectionViewController.swift in Sources */ = {isa = PBXBuildFile; fileRef = 8917C39E2C47C03500BC08B0 /* CollectionViewController.swift */; };
		8917C3A52C47DE8300BC08B0 /* CollectionViewCell.swift in Sources */ = {isa = PBXBuildFile; fileRef = 8917C3A42C47DE8300BC08B0 /* CollectionViewCell.swift */; };
/* End PBXBuildFile section */

/* Begin PBXContainerItemProxy section */
		8917C37C2C47A63800BC08B0 /* PBXContainerItemProxy */ = {
			isa = PBXContainerItemProxy;
			containerPortal = 8917C35D2C47A63700BC08B0 /* Project object */;
			proxyType = 1;
			remoteGlobalIDString = 8917C3642C47A63700BC08B0;
			remoteInfo = quoteoftheday;
		};
		8917C3862C47A63800BC08B0 /* PBXContainerItemProxy */ = {
			isa = PBXContainerItemProxy;
			containerPortal = 8917C35D2C47A63700BC08B0 /* Project object */;
			proxyType = 1;
			remoteGlobalIDString = 8917C3642C47A63700BC08B0;
			remoteInfo = quoteoftheday;
		};
/* End PBXContainerItemProxy section */

/* Begin PBXFileReference section */
		8917C3652C47A63700BC08B0 /* quoteoftheday.app */ = {isa = PBXFileReference; explicitFileType = wrapper.application; includeInIndex = 0; path = quoteoftheday.app; sourceTree = BUILT_PRODUCTS_DIR; };
		8917C3682C47A63700BC08B0 /* AppDelegate.swift */ = {isa = PBXFileReference; lastKnownFileType = sourcecode.swift; path = AppDelegate.swift; sourceTree = "<group>"; };
		8917C36A2C47A63700BC08B0 /* SceneDelegate.swift */ = {isa = PBXFileReference; lastKnownFileType = sourcecode.swift; path = SceneDelegate.swift; sourceTree = "<group>"; };
		8917C36C2C47A63700BC08B0 /* ViewController.swift */ = {isa = PBXFileReference; lastKnownFileType = sourcecode.swift; path = ViewController.swift; sourceTree = "<group>"; };
		8917C36F2C47A63700BC08B0 /* Base */ = {isa = PBXFileReference; lastKnownFileType = file.storyboard; name = Base; path = Base.lproj/Main.storyboard; sourceTree = "<group>"; };
		8917C3712C47A63800BC08B0 /* Assets.xcassets */ = {isa = PBXFileReference; lastKnownFileType = folder.assetcatalog; path = Assets.xcassets; sourceTree = "<group>"; };
		8917C3742C47A63800BC08B0 /* Base */ = {isa = PBXFileReference; lastKnownFileType = file.storyboard; name = Base; path = Base.lproj/LaunchScreen.storyboard; sourceTree = "<group>"; };
		8917C3762C47A63800BC08B0 /* Info.plist */ = {isa = PBXFileReference; lastKnownFileType = text.plist.xml; path = Info.plist; sourceTree = "<group>"; };
		8917C37B2C47A63800BC08B0 /* quoteofthedayTests.xctest */ = {isa = PBXFileReference; explicitFileType = wrapper.cfbundle; includeInIndex = 0; path = quoteofthedayTests.xctest; sourceTree = BUILT_PRODUCTS_DIR; };
		8917C37F2C47A63800BC08B0 /* quoteofthedayTests.swift */ = {isa = PBXFileReference; lastKnownFileType = sourcecode.swift; path = quoteofthedayTests.swift; sourceTree = "<group>"; };
		8917C3852C47A63800BC08B0 /* quoteofthedayUITests.xctest */ = {isa = PBXFileReference; explicitFileType = wrapper.cfbundle; includeInIndex = 0; path = quoteofthedayUITests.xctest; sourceTree = BUILT_PRODUCTS_DIR; };
		8917C3892C47A63800BC08B0 /* quoteofthedayUITests.swift */ = {isa = PBXFileReference; lastKnownFileType = sourcecode.swift; path = quoteofthedayUITests.swift; sourceTree = "<group>"; };
		8917C38B2C47A63800BC08B0 /* quoteofthedayUITestsLaunchTests.swift */ = {isa = PBXFileReference; lastKnownFileType = sourcecode.swift; path = quoteofthedayUITestsLaunchTests.swift; sourceTree = "<group>"; };
		8917C39E2C47C03500BC08B0 /* CollectionViewController.swift */ = {isa = PBXFileReference; lastKnownFileType = sourcecode.swift; path = CollectionViewController.swift; sourceTree = "<group>"; };
		8917C3A42C47DE8300BC08B0 /* CollectionViewCell.swift */ = {isa = PBXFileReference; lastKnownFileType = sourcecode.swift; path = CollectionViewCell.swift; sourceTree = "<group>"; };
/* End PBXFileReference section */

/* Begin PBXFrameworksBuildPhase section */
		8917C3622C47A63700BC08B0 /* Frameworks */ = {
			isa = PBXFrameworksBuildPhase;
			buildActionMask = 2147483647;
			files = (
			);
			runOnlyForDeploymentPostprocessing = 0;
		};
		8917C3782C47A63800BC08B0 /* Frameworks */ = {
			isa = PBXFrameworksBuildPhase;
			buildActionMask = 2147483647;
			files = (
			);
			runOnlyForDeploymentPostprocessing = 0;
		};
		8917C3822C47A63800BC08B0 /* Frameworks */ = {
			isa = PBXFrameworksBuildPhase;
			buildActionMask = 2147483647;
			files = (
			);
			runOnlyForDeploymentPostprocessing = 0;
		};
/* End PBXFrameworksBuildPhase section */

/* Begin PBXGroup section */
		8917C35C2C47A63700BC08B0 = {
			isa = PBXGroup;
			children = (
				8917C3672C47A63700BC08B0 /* quoteoftheday */,
				8917C37E2C47A63800BC08B0 /* quoteofthedayTests */,
				8917C3882C47A63800BC08B0 /* quoteofthedayUITests */,
				8917C3662C47A63700BC08B0 /* Products */,
			);
			sourceTree = "<group>";
		};
		8917C3662C47A63700BC08B0 /* Products */ = {
			isa = PBXGroup;
			children = (
				8917C3652C47A63700BC08B0 /* quoteoftheday.app */,
				8917C37B2C47A63800BC08B0 /* quoteofthedayTests.xctest */,
				8917C3852C47A63800BC08B0 /* quoteofthedayUITests.xctest */,
			);
			name = Products;
			sourceTree = "<group>";
		};
		8917C3672C47A63700BC08B0 /* quoteoftheday */ = {
			isa = PBXGroup;
			children = (
				8917C3682C47A63700BC08B0 /* AppDelegate.swift */,
				8917C3A42C47DE8300BC08B0 /* CollectionViewCell.swift */,
				8917C36A2C47A63700BC08B0 /* SceneDelegate.swift */,
				8917C36C2C47A63700BC08B0 /* ViewController.swift */,
				8917C39E2C47C03500BC08B0 /* CollectionViewController.swift */,
				8917C36E2C47A63700BC08B0 /* Main.storyboard */,
				8917C3712C47A63800BC08B0 /* Assets.xcassets */,
				8917C3732C47A63800BC08B0 /* LaunchScreen.storyboard */,
				8917C3762C47A63800BC08B0 /* Info.plist */,
			);
			path = quoteoftheday;
			sourceTree = "<group>";
		};
		8917C37E2C47A63800BC08B0 /* quoteofthedayTests */ = {
			isa = PBXGroup;
			children = (
				8917C37F2C47A63800BC08B0 /* quoteofthedayTests.swift */,
			);
			path = quoteofthedayTests;
			sourceTree = "<group>";
		};
		8917C3882C47A63800BC08B0 /* quoteofthedayUITests */ = {
			isa = PBXGroup;
			children = (
				8917C3892C47A63800BC08B0 /* quoteofthedayUITests.swift */,
				8917C38B2C47A63800BC08B0 /* quoteofthedayUITestsLaunchTests.swift */,
			);
			path = quoteofthedayUITests;
			sourceTree = "<group>";
		};
/* End PBXGroup section */

/* Begin PBXNativeTarget section */
		8917C3642C47A63700BC08B0 /* quoteoftheday */ = {
			isa = PBXNativeTarget;
			buildConfigurationList = 8917C38F2C47A63800BC08B0 /* Build configuration list for PBXNativeTarget "quoteoftheday" */;
			buildPhases = (
				8917C3612C47A63700BC08B0 /* Sources */,
				8917C3622C47A63700BC08B0 /* Frameworks */,
				8917C3632C47A63700BC08B0 /* Resources */,
			);
			buildRules = (
			);
			dependencies = (
			);
			name = quoteoftheday;
			productName = quoteoftheday;
			productReference = 8917C3652C47A63700BC08B0 /* quoteoftheday.app */;
			productType = "com.apple.product-type.application";
		};
		8917C37A2C47A63800BC08B0 /* quoteofthedayTests */ = {
			isa = PBXNativeTarget;
			buildConfigurationList = 8917C3922C47A63800BC08B0 /* Build configuration list for PBXNativeTarget "quoteofthedayTests" */;
			buildPhases = (
				8917C3772C47A63800BC08B0 /* Sources */,
				8917C3782C47A63800BC08B0 /* Frameworks */,
				8917C3792C47A63800BC08B0 /* Resources */,
			);
			buildRules = (
			);
			dependencies = (
				8917C37D2C47A63800BC08B0 /* PBXTargetDependency */,
			);
			name = quoteofthedayTests;
			productName = quoteofthedayTests;
			productReference = 8917C37B2C47A63800BC08B0 /* quoteofthedayTests.xctest */;
			productType = "com.apple.product-type.bundle.unit-test";
		};
		8917C3842C47A63800BC08B0 /* quoteofthedayUITests */ = {
			isa = PBXNativeTarget;
			buildConfigurationList = 8917C3952C47A63800BC08B0 /* Build configuration list for PBXNativeTarget "quoteofthedayUITests" */;
			buildPhases = (
				8917C3812C47A63800BC08B0 /* Sources */,
				8917C3822C47A63800BC08B0 /* Frameworks */,
				8917C3832C47A63800BC08B0 /* Resources */,
			);
			buildRules = (
			);
			dependencies = (
				8917C3872C47A63800BC08B0 /* PBXTargetDependency */,
			);
			name = quoteofthedayUITests;
			productName = quoteofthedayUITests;
			productReference = 8917C3852C47A63800BC08B0 /* quoteofthedayUITests.xctest */;
			productType = "com.apple.product-type.bundle.ui-testing";
		};
/* End PBXNativeTarget section */

/* Begin PBXProject section */
		8917C35D2C47A63700BC08B0 /* Project object */ = {
			isa = PBXProject;
			attributes = {
				BuildIndependentTargetsInParallel = 1;
				LastSwiftUpdateCheck = 1540;
				LastUpgradeCheck = 1540;
				TargetAttributes = {
					8917C3642C47A63700BC08B0 = {
						CreatedOnToolsVersion = 15.4;
					};
					8917C37A2C47A63800BC08B0 = {
						CreatedOnToolsVersion = 15.4;
						TestTargetID = 8917C3642C47A63700BC08B0;
					};
					8917C3842C47A63800BC08B0 = {
						CreatedOnToolsVersion = 15.4;
						TestTargetID = 8917C3642C47A63700BC08B0;
					};
				};
			};
			buildConfigurationList = 8917C3602C47A63700BC08B0 /* Build configuration list for PBXProject "quoteoftheday" */;
			compatibilityVersion = "Xcode 14.0";
			developmentRegion = en;
			hasScannedForEncodings = 0;
			knownRegions = (
				en,
				Base,
			);
			mainGroup = 8917C35C2C47A63700BC08B0;
			productRefGroup = 8917C3662C47A63700BC08B0 /* Products */;
			projectDirPath = "";
			projectRoot = "";
			targets = (
				8917C3642C47A63700BC08B0 /* quoteoftheday */,
				8917C37A2C47A63800BC08B0 /* quoteofthedayTests */,
				8917C3842C47A63800BC08B0 /* quoteofthedayUITests */,
			);
		};
/* End PBXProject section */

/* Begin PBXResourcesBuildPhase section */
		8917C3632C47A63700BC08B0 /* Resources */ = {
			isa = PBXResourcesBuildPhase;
			buildActionMask = 2147483647;
			files = (
				8917C3722C47A63800BC08B0 /* Assets.xcassets in Resources */,
				8917C3752C47A63800BC08B0 /* Base in Resources */,
				8917C3702C47A63700BC08B0 /* Base in Resources */,
			);
			runOnlyForDeploymentPostprocessing = 0;
		};
		8917C3792C47A63800BC08B0 /* Resources */ = {
			isa = PBXResourcesBuildPhase;
			buildActionMask = 2147483647;
			files = (
			);
			runOnlyForDeploymentPostprocessing = 0;
		};
		8917C3832C47A63800BC08B0 /* Resources */ = {
			isa = PBXResourcesBuildPhase;
			buildActionMask = 2147483647;
			files = (
			);
			runOnlyForDeploymentPostprocessing = 0;
		};
/* End PBXResourcesBuildPhase section */

/* Begin PBXSourcesBuildPhase section */
		8917C3612C47A63700BC08B0 /* Sources */ = {
			isa = PBXSourcesBuildPhase;
			buildActionMask = 2147483647;
			files = (
				8917C3A52C47DE8300BC08B0 /* CollectionViewCell.swift in Sources */,
				8917C39F2C47C03500BC08B0 /* CollectionViewController.swift in Sources */,
				8917C36D2C47A63700BC08B0 /* ViewController.swift in Sources */,
				8917C3692C47A63700BC08B0 /* AppDelegate.swift in Sources */,
				8917C36B2C47A63700BC08B0 /* SceneDelegate.swift in Sources */,
			);
			runOnlyForDeploymentPostprocessing = 0;
		};
		8917C3772C47A63800BC08B0 /* Sources */ = {
			isa = PBXSourcesBuildPhase;
			buildActionMask = 2147483647;
			files = (
				8917C3802C47A63800BC08B0 /* quoteofthedayTests.swift in Sources */,
			);
			runOnlyForDeploymentPostprocessing = 0;
		};
		8917C3812C47A63800BC08B0 /* Sources */ = {
			isa = PBXSourcesBuildPhase;
			buildActionMask = 2147483647;
			files = (
				8917C38A2C47A63800BC08B0 /* quoteofthedayUITests.swift in Sources */,
				8917C38C2C47A63800BC08B0 /* quoteofthedayUITestsLaunchTests.swift in Sources */,
			);
			runOnlyForDeploymentPostprocessing = 0;
		};
/* End PBXSourcesBuildPhase section */

/* Begin PBXTargetDependency section */
		8917C37D2C47A63800BC08B0 /* PBXTargetDependency */ = {
			isa = PBXTargetDependency;
			target = 8917C3642C47A63700BC08B0 /* quoteoftheday */;
			targetProxy = 8917C37C2C47A63800BC08B0 /* PBXContainerItemProxy */;
		};
		8917C3872C47A63800BC08B0 /* PBXTargetDependency */ = {
			isa = PBXTargetDependency;
			target = 8917C3642C47A63700BC08B0 /* quoteoftheday */;
			targetProxy = 8917C3862C47A63800BC08B0 /* PBXContainerItemProxy */;
		};
/* End PBXTargetDependency section */

/* Begin PBXVariantGroup section */
		8917C36E2C47A63700BC08B0 /* Main.storyboard */ = {
			isa = PBXVariantGroup;
			children = (
				8917C36F2C47A63700BC08B0 /* Base */,
			);
			name = Main.storyboard;
			sourceTree = "<group>";
		};
		8917C3732C47A63800BC08B0 /* LaunchScreen.storyboard */ = {
			isa = PBXVariantGroup;
			children = (
				8917C3742C47A63800BC08B0 /* Base */,
			);
			name = LaunchScreen.storyboard;
			sourceTree = "<group>";
		};
/* End PBXVariantGroup section */

/* Begin XCBuildConfiguration section */
		8917C38D2C47A63800BC08B0 /* Debug */ = {
			isa = XCBuildConfiguration;
			buildSettings = {
				ALWAYS_SEARCH_USER_PATHS = NO;
				ASSETCATALOG_COMPILER_GENERATE_SWIFT_ASSET_SYMBOL_EXTENSIONS = YES;
				CLANG_ANALYZER_NONNULL = YES;
				CLANG_ANALYZER_NUMBER_OBJECT_CONVERSION = YES_AGGRESSIVE;
				CLANG_CXX_LANGUAGE_STANDARD = "gnu++20";
				CLANG_ENABLE_MODULES = YES;
				CLANG_ENABLE_OBJC_ARC = YES;
				CLANG_ENABLE_OBJC_WEAK = YES;
				CLANG_WARN_BLOCK_CAPTURE_AUTORELEASING = YES;
				CLANG_WARN_BOOL_CONVERSION = YES;
				CLANG_WARN_COMMA = YES;
				CLANG_WARN_CONSTANT_CONVERSION = YES;
				CLANG_WARN_DEPRECATED_OBJC_IMPLEMENTATIONS = YES;
				CLANG_WARN_DIRECT_OBJC_ISA_USAGE = YES_ERROR;
				CLANG_WARN_DOCUMENTATION_COMMENTS = YES;
				CLANG_WARN_EMPTY_BODY = YES;
				CLANG_WARN_ENUM_CONVERSION = YES;
				CLANG_WARN_INFINITE_RECURSION = YES;
				CLANG_WARN_INT_CONVERSION = YES;
				CLANG_WARN_NON_LITERAL_NULL_CONVERSION = YES;
				CLANG_WARN_OBJC_IMPLICIT_RETAIN_SELF = YES;
				CLANG_WARN_OBJC_LITERAL_CONVERSION = YES;
				CLANG_WARN_OBJC_ROOT_CLASS = YES_ERROR;
				CLANG_WARN_QUOTED_INCLUDE_IN_FRAMEWORK_HEADER = YES;
				CLANG_WARN_RANGE_LOOP_ANALYSIS = YES;
				CLANG_WARN_STRICT_PROTOTYPES = YES;
				CLANG_WARN_SUSPICIOUS_MOVE = YES;
				CLANG_WARN_UNGUARDED_AVAILABILITY = YES_AGGRESSIVE;
				CLANG_WARN_UNREACHABLE_CODE = YES;
				CLANG_WARN__DUPLICATE_METHOD_MATCH = YES;
				COPY_PHASE_STRIP = NO;
				DEBUG_INFORMATION_FORMAT = dwarf;
				ENABLE_STRICT_OBJC_MSGSEND = YES;
				ENABLE_TESTABILITY = YES;
				ENABLE_USER_SCRIPT_SANDBOXING = YES;
				GCC_C_LANGUAGE_STANDARD = gnu17;
				GCC_DYNAMIC_NO_PIC = NO;
				GCC_NO_COMMON_BLOCKS = YES;
				GCC_OPTIMIZATION_LEVEL = 0;
				GCC_PREPROCESSOR_DEFINITIONS = (
					"DEBUG=1",
					"$(inherited)",
				);
				GCC_WARN_64_TO_32_BIT_CONVERSION = YES;
				GCC_WARN_ABOUT_RETURN_TYPE = YES_ERROR;
				GCC_WARN_UNDECLARED_SELECTOR = YES;
				GCC_WARN_UNINITIALIZED_AUTOS = YES_AGGRESSIVE;
				GCC_WARN_UNUSED_FUNCTION = YES;
				GCC_WARN_UNUSED_VARIABLE = YES;
				IPHONEOS_DEPLOYMENT_TARGET = 17.5;
				LOCALIZATION_PREFERS_STRING_CATALOGS = YES;
				MTL_ENABLE_DEBUG_INFO = INCLUDE_SOURCE;
				MTL_FAST_MATH = YES;
				ONLY_ACTIVE_ARCH = YES;
				SDKROOT = iphoneos;
				SWIFT_ACTIVE_COMPILATION_CONDITIONS = "DEBUG $(inherited)";
				SWIFT_OPTIMIZATION_LEVEL = "-Onone";
			};
			name = Debug;
		};
		8917C38E2C47A63800BC08B0 /* Release */ = {
			isa = XCBuildConfiguration;
			buildSettings = {
				ALWAYS_SEARCH_USER_PATHS = NO;
				ASSETCATALOG_COMPILER_GENERATE_SWIFT_ASSET_SYMBOL_EXTENSIONS = YES;
				CLANG_ANALYZER_NONNULL = YES;
				CLANG_ANALYZER_NUMBER_OBJECT_CONVERSION = YES_AGGRESSIVE;
				CLANG_CXX_LANGUAGE_STANDARD = "gnu++20";
				CLANG_ENABLE_MODULES = YES;
				CLANG_ENABLE_OBJC_ARC = YES;
				CLANG_ENABLE_OBJC_WEAK = YES;
				CLANG_WARN_BLOCK_CAPTURE_AUTORELEASING = YES;
				CLANG_WARN_BOOL_CONVERSION = YES;
				CLANG_WARN_COMMA = YES;
				CLANG_WARN_CONSTANT_CONVERSION = YES;
				CLANG_WARN_DEPRECATED_OBJC_IMPLEMENTATIONS = YES;
				CLANG_WARN_DIRECT_OBJC_ISA_USAGE = YES_ERROR;
				CLANG_WARN_DOCUMENTATION_COMMENTS = YES;
				CLANG_WARN_EMPTY_BODY = YES;
				CLANG_WARN_ENUM_CONVERSION = YES;
				CLANG_WARN_INFINITE_RECURSION = YES;
				CLANG_WARN_INT_CONVERSION = YES;
				CLANG_WARN_NON_LITERAL_NULL_CONVERSION = YES;
				CLANG_WARN_OBJC_IMPLICIT_RETAIN_SELF = YES;
				CLANG_WARN_OBJC_LITERAL_CONVERSION = YES;
				CLANG_WARN_OBJC_ROOT_CLASS = YES_ERROR;
				CLANG_WARN_QUOTED_INCLUDE_IN_FRAMEWORK_HEADER = YES;
				CLANG_WARN_RANGE_LOOP_ANALYSIS = YES;
				CLANG_WARN_STRICT_PROTOTYPES = YES;
				CLANG_WARN_SUSPICIOUS_MOVE = YES;
				CLANG_WARN_UNGUARDED_AVAILABILITY = YES_AGGRESSIVE;
				CLANG_WARN_UNREACHABLE_CODE = YES;
				CLANG_WARN__DUPLICATE_METHOD_MATCH = YES;
				COPY_PHASE_STRIP = NO;
				DEBUG_INFORMATION_FORMAT = "dwarf-with-dsym";
				ENABLE_NS_ASSERTIONS = NO;
				ENABLE_STRICT_OBJC_MSGSEND = YES;
				ENABLE_USER_SCRIPT_SANDBOXING = YES;
				GCC_C_LANGUAGE_STANDARD = gnu17;
				GCC_NO_COMMON_BLOCKS = YES;
				GCC_WARN_64_TO_32_BIT_CONVERSION = YES;
				GCC_WARN_ABOUT_RETURN_TYPE = YES_ERROR;
				GCC_WARN_UNDECLARED_SELECTOR = YES;
				GCC_WARN_UNINITIALIZED_AUTOS = YES_AGGRESSIVE;
				GCC_WARN_UNUSED_FUNCTION = YES;
				GCC_WARN_UNUSED_VARIABLE = YES;
				IPHONEOS_DEPLOYMENT_TARGET = 17.5;
				LOCALIZATION_PREFERS_STRING_CATALOGS = YES;
				MTL_ENABLE_DEBUG_INFO = NO;
				MTL_FAST_MATH = YES;
				SDKROOT = iphoneos;
				SWIFT_COMPILATION_MODE = wholemodule;
				VALIDATE_PRODUCT = YES;
			};
			name = Release;
		};
		8917C3902C47A63800BC08B0 /* Debug */ = {
			isa = XCBuildConfiguration;
			buildSettings = {
				ASSETCATALOG_COMPILER_APPICON_NAME = AppIcon;
				ASSETCATALOG_COMPILER_GLOBAL_ACCENT_COLOR_NAME = AccentColor;
				CODE_SIGN_STYLE = Automatic;
				CURRENT_PROJECT_VERSION = 1;
				GENERATE_INFOPLIST_FILE = YES;
				INFOPLIST_FILE = quoteoftheday/Info.plist;
				INFOPLIST_KEY_UIApplicationSupportsIndirectInputEvents = YES;
				INFOPLIST_KEY_UILaunchStoryboardName = LaunchScreen;
				INFOPLIST_KEY_UIMainStoryboardFile = Main;
				INFOPLIST_KEY_UISupportedInterfaceOrientations_iPad = "UIInterfaceOrientationPortrait UIInterfaceOrientationPortraitUpsideDown UIInterfaceOrientationLandscapeLeft UIInterfaceOrientationLandscapeRight";
				INFOPLIST_KEY_UISupportedInterfaceOrientations_iPhone = "UIInterfaceOrientationPortrait UIInterfaceOrientationLandscapeLeft UIInterfaceOrientationLandscapeRight";
				LD_RUNPATH_SEARCH_PATHS = (
					"$(inherited)",
					"@executable_path/Frameworks",
				);
				MARKETING_VERSION = 1.0;
				PRODUCT_BUNDLE_IDENTIFIER = codeproject.quoteoftheday;
				PRODUCT_NAME = "$(TARGET_NAME)";
				SWIFT_EMIT_LOC_STRINGS = YES;
				SWIFT_VERSION = 5.0;
				TARGETED_DEVICE_FAMILY = "1,2";
			};
			name = Debug;
		};
		8917C3912C47A63800BC08B0 /* Release */ = {
			isa = XCBuildConfiguration;
			buildSettings = {
				ASSETCATALOG_COMPILER_APPICON_NAME = AppIcon;
				ASSETCATALOG_COMPILER_GLOBAL_ACCENT_COLOR_NAME = AccentColor;
				CODE_SIGN_STYLE = Automatic;
				CURRENT_PROJECT_VERSION = 1;
				GENERATE_INFOPLIST_FILE = YES;
				INFOPLIST_FILE = quoteoftheday/Info.plist;
				INFOPLIST_KEY_UIApplicationSupportsIndirectInputEvents = YES;
				INFOPLIST_KEY_UILaunchStoryboardName = LaunchScreen;
				INFOPLIST_KEY_UIMainStoryboardFile = Main;
				INFOPLIST_KEY_UISupportedInterfaceOrientations_iPad = "UIInterfaceOrientationPortrait UIInterfaceOrientationPortraitUpsideDown UIInterfaceOrientationLandscapeLeft UIInterfaceOrientationLandscapeRight";
				INFOPLIST_KEY_UISupportedInterfaceOrientations_iPhone = "UIInterfaceOrientationPortrait UIInterfaceOrientationLandscapeLeft UIInterfaceOrientationLandscapeRight";
				LD_RUNPATH_SEARCH_PATHS = (
					"$(inherited)",
					"@executable_path/Frameworks",
				);
				MARKETING_VERSION = 1.0;
				PRODUCT_BUNDLE_IDENTIFIER = codeproject.quoteoftheday;
				PRODUCT_NAME = "$(TARGET_NAME)";
				SWIFT_EMIT_LOC_STRINGS = YES;
				SWIFT_VERSION = 5.0;
				TARGETED_DEVICE_FAMILY = "1,2";
			};
			name = Release;
		};
		8917C3932C47A63800BC08B0 /* Debug */ = {
			isa = XCBuildConfiguration;
			buildSettings = {
				ALWAYS_EMBED_SWIFT_STANDARD_LIBRARIES = YES;
				BUNDLE_LOADER = "$(TEST_HOST)";
				CODE_SIGN_STYLE = Automatic;
				CURRENT_PROJECT_VERSION = 1;
				GENERATE_INFOPLIST_FILE = YES;
				IPHONEOS_DEPLOYMENT_TARGET = 17.5;
				MARKETING_VERSION = 1.0;
				PRODUCT_BUNDLE_IDENTIFIER = codeproject.quoteofthedayTests;
				PRODUCT_NAME = "$(TARGET_NAME)";
				SWIFT_EMIT_LOC_STRINGS = NO;
				SWIFT_VERSION = 5.0;
				TARGETED_DEVICE_FAMILY = "1,2";
				TEST_HOST = "$(BUILT_PRODUCTS_DIR)/quoteoftheday.app/$(BUNDLE_EXECUTABLE_FOLDER_PATH)/quoteoftheday";
			};
			name = Debug;
		};
		8917C3942C47A63800BC08B0 /* Release */ = {
			isa = XCBuildConfiguration;
			buildSettings = {
				ALWAYS_EMBED_SWIFT_STANDARD_LIBRARIES = YES;
				BUNDLE_LOADER = "$(TEST_HOST)";
				CODE_SIGN_STYLE = Automatic;
				CURRENT_PROJECT_VERSION = 1;
				GENERATE_INFOPLIST_FILE = YES;
				IPHONEOS_DEPLOYMENT_TARGET = 17.5;
				MARKETING_VERSION = 1.0;
				PRODUCT_BUNDLE_IDENTIFIER = codeproject.quoteofthedayTests;
				PRODUCT_NAME = "$(TARGET_NAME)";
				SWIFT_EMIT_LOC_STRINGS = NO;
				SWIFT_VERSION = 5.0;
				TARGETED_DEVICE_FAMILY = "1,2";
				TEST_HOST = "$(BUILT_PRODUCTS_DIR)/quoteoftheday.app/$(BUNDLE_EXECUTABLE_FOLDER_PATH)/quoteoftheday";
			};
			name = Release;
		};
		8917C3962C47A63800BC08B0 /* Debug */ = {
			isa = XCBuildConfiguration;
			buildSettings = {
				ALWAYS_EMBED_SWIFT_STANDARD_LIBRARIES = YES;
				CODE_SIGN_STYLE = Automatic;
				CURRENT_PROJECT_VERSION = 1;
				GENERATE_INFOPLIST_FILE = YES;
				MARKETING_VERSION = 1.0;
				PRODUCT_BUNDLE_IDENTIFIER = codeproject.quoteofthedayUITests;
				PRODUCT_NAME = "$(TARGET_NAME)";
				SWIFT_EMIT_LOC_STRINGS = NO;
				SWIFT_VERSION = 5.0;
				TARGETED_DEVICE_FAMILY = "1,2";
				TEST_TARGET_NAME = quoteoftheday;
			};
			name = Debug;
		};
		8917C3972C47A63800BC08B0 /* Release */ = {
			isa = XCBuildConfiguration;
			buildSettings = {
				ALWAYS_EMBED_SWIFT_STANDARD_LIBRARIES = YES;
				CODE_SIGN_STYLE = Automatic;
				CURRENT_PROJECT_VERSION = 1;
				GENERATE_INFOPLIST_FILE = YES;
				MARKETING_VERSION = 1.0;
				PRODUCT_BUNDLE_IDENTIFIER = codeproject.quoteofthedayUITests;
				PRODUCT_NAME = "$(TARGET_NAME)";
				SWIFT_EMIT_LOC_STRINGS = NO;
				SWIFT_VERSION = 5.0;
				TARGETED_DEVICE_FAMILY = "1,2";
				TEST_TARGET_NAME = quoteoftheday;
			};
			name = Release;
		};
/* End XCBuildConfiguration section */

/* Begin XCConfigurationList section */
		8917C3602C47A63700BC08B0 /* Build configuration list for PBXProject "quoteoftheday" */ = {
			isa = XCConfigurationList;
			buildConfigurations = (
				8917C38D2C47A63800BC08B0 /* Debug */,
				8917C38E2C47A63800BC08B0 /* Release */,
			);
			defaultConfigurationIsVisible = 0;
			defaultConfigurationName = Release;
		};
		8917C38F2C47A63800BC08B0 /* Build configuration list for PBXNativeTarget "quoteoftheday" */ = {
			isa = XCConfigurationList;
			buildConfigurations = (
				8917C3902C47A63800BC08B0 /* Debug */,
				8917C3912C47A63800BC08B0 /* Release */,
			);
			defaultConfigurationIsVisible = 0;
			defaultConfigurationName = Release;
		};
		8917C3922C47A63800BC08B0 /* Build configuration list for PBXNativeTarget "quoteofthedayTests" */ = {
			isa = XCConfigurationList;
			buildConfigurations = (
				8917C3932C47A63800BC08B0 /* Debug */,
				8917C3942C47A63800BC08B0 /* Release */,
			);
			defaultConfigurationIsVisible = 0;
			defaultConfigurationName = Release;
		};
		8917C3952C47A63800BC08B0 /* Build configuration list for PBXNativeTarget "quoteofthedayUITests" */ = {
			isa = XCConfigurationList;
			buildConfigurations = (
				8917C3962C47A63800BC08B0 /* Debug */,
				8917C3972C47A63800BC08B0 /* Release */,
			);
			defaultConfigurationIsVisible = 0;
			defaultConfigurationName = Release;
		};
/* End XCConfigurationList section */
	};
	rootObject = 8917C35D2C47A63700BC08B0 /* Project object */;
}
